
Microsoft Visual Studio Solution File, Format Version 12.00
Project("{FAE04EC0-301F-11D3-BF4B-00C04F79EFBC}") = "ConsoleApp2", "ConsoleApp2\ConsoleApp2.csproj", "{83DF7DE9-7572-4E58-84AB-475BCDA1BEEB}"
EndProject
Global
	GlobalSection(SolutionConfigurationPlatforms) = preSolution
		Debug|Any CPU = Debug|Any CPU
		Release|Any CPU = Release|Any CPU
	EndGlobalSection
	GlobalSection(ProjectConfigurationPlatforms) = postSolution
		{83DF7DE9-7572-4E58-84AB-475BCDA1BEEB}.Debug|Any CPU.ActiveCfg = Debug|Any CPU
		{83DF7DE9-7572-4E58-84AB-475BCDA1BEEB}.Debug|Any CPU.Build.0 = Debug|Any CPU
		{83DF7DE9-7572-4E58-84AB-475BCDA1BEEB}.Release|Any CPU.ActiveCfg = Release|Any CPU
		{83DF7DE9-7572-4E58-84AB-475BCDA1BEEB}.Release|Any CPU.Build.0 = Release|Any CPU
	EndGlobalSection
EndGlobal
